
Microsoft Visual Studio Solution File, Format Version 12.00
# Visual Studio 15
VisualStudioVersion = 15.0.27004.2005
MinimumVisualStudioVersion = 10.0.40219.1
Project("{2150E333-8FDC-42A3-9474-1A3956D46DE8}") = "Smells", "Smells", "{56E248A0-60F1-400D-911F-5827AFE0029F}"
EndProject
Project("{FAE04EC0-301F-11D3-BF4B-00C04F79EFBC}") = "SuperServer", "SuperServer\SuperServer.csproj", "{8452C2A4-5BE6-407D-8EB8-6E5428DE0E75}"
EndProject
Project("{FAE04EC0-301F-11D3-BF4B-00C04F79EFBC}") = "SuperServerBadTests", "SuperServerBadTests\SuperServerBadTests.csproj", "{3CF72AC7-E00D-468B-B60C-ACED103EBEDB}"
EndProject
Project("{2150E333-8FDC-42A3-9474-1A3956D46DE8}") = "Patterns", "Patterns", "{C7A5C315-D31B-4E1B-9D59-03D7D129C57A}"
EndProject
Project("{FAE04EC0-301F-11D3-BF4B-00C04F79EFBC}") = "SuperServerFixed", "SuperServerFixed\SuperServerFixed.csproj", "{2FF95BC8-7757-4B3C-8638-E0AED5F228A6}"
EndProject
Project("{FAE04EC0-301F-11D3-BF4B-00C04F79EFBC}") = "SuperServerTests", "ServerTests\SuperServerTests.csproj", "{09E9A25C-635D-460C-A683-2D2A44D0AEC6}"
EndProject
Project("{2150E333-8FDC-42A3-9474-1A3956D46DE8}") = "1. Sleep", "1. Sleep", "{0E5A3203-B6BD-4977-9894-9DDA219022E5}"
EndProject
Project("{2150E333-8FDC-42A3-9474-1A3956D46DE8}") = "1. Humble", "1. Humble", "{F7521594-07BE-4DE3-9D72-3262D8B77446}"
EndProject
Project("{2150E333-8FDC-42A3-9474-1A3956D46DE8}") = "2. TestBefore TestAfer", "2. TestBefore TestAfer", "{FA1BCC06-0A2E-4D34-B8E8-958FE5C0EE48}"
EndProject
Project("{FAE04EC0-301F-11D3-BF4B-00C04F79EFBC}") = "MessageProcessorTests", "MessageProceesor\MessageProcessorTests.csproj", "{166BADD8-D417-4C48-B8E2-9CA0927040B1}"
EndProject
Project("{FAE04EC0-301F-11D3-BF4B-00C04F79EFBC}") = "MessageProcessing", "MessageProcessing\MessageProcessing.csproj", "{DB6E1984-3ECB-46CC-B1D6-92D215A5ADEB}"
EndProject
Project("{2150E333-8FDC-42A3-9474-1A3956D46DE8}") = "RunInOtherThread", "RunInOtherThread", "{11258DAF-9399-4CE9-B1A9-512F8A1C82B9}"
EndProject
Project("{FAE04EC0-301F-11D3-BF4B-00C04F79EFBC}") = "TestUtils", "TestUtils\TestUtils.csproj", "{0C14D70D-10F9-4856-BFDB-E06BC57020B1}"
EndProject
Project("{FAE04EC0-301F-11D3-BF4B-00C04F79EFBC}") = "DeadlockTest", "DeadlockTest\DeadlockTest.csproj", "{78F1A929-7BDB-4706-AFAB-64CAF9CA7E14}"
EndProject
Project("{2150E333-8FDC-42A3-9474-1A3956D46DE8}") = "4. SyncInTest", "4. SyncInTest", "{DE99A00A-B58B-4A18-8A8A-4B9CBC70CC1B}"
EndProject
Project("{FAE04EC0-301F-11D3-BF4B-00C04F79EFBC}") = "CustomTaskSchduler", "CustomTaskSchduler\CustomTaskSchduler.csproj", "{7092681F-EBF5-4EF2-94C2-851B733417D2}"
EndProject
Project("{2150E333-8FDC-42A3-9474-1A3956D46DE8}") = "6. ConocurrencyIssues", "6. ConocurrencyIssues", "{E0DBED3C-1EC3-4D89-BB94-53E06F538D12}"
EndProject
Project("{FAE04EC0-301F-11D3-BF4B-00C04F79EFBC}") = "TestForAsync", "TestForAsync\TestForAsync.csproj", "{9C7AD74D-0566-405C-AB4E-56876BA9B510}"
EndProject
Project("{2150E333-8FDC-42A3-9474-1A3956D46DE8}") = "2. Interval", "2. Interval", "{FB0BE282-CE1A-476E-A9C5-F75E2876EED3}"
EndProject
Project("{FAE04EC0-301F-11D3-BF4B-00C04F79EFBC}") = "SetTimerToOne", "SetTimerToOne\SetTimerToOne.csproj", "{F21CEDF9-F0EA-4652-B5E1-DB6C2C568B5C}"
EndProject
Project("{2150E333-8FDC-42A3-9474-1A3956D46DE8}") = "3. FakeAndSync", "3. FakeAndSync", "{7CE26F56-1022-456A-82E9-E6DFA61C1172}"
EndProject
Project("{FAE04EC0-301F-11D3-BF4B-00C04F79EFBC}") = "FakeWithTimerIsolator", "FakeWithIsolator\FakeWithTimerIsolator.csproj", "{4BB1904C-2994-4D91-B3A3-F1D000891B11}"
EndProject
Project("{FAE04EC0-301F-11D3-BF4B-00C04F79EFBC}") = "FakeAndSyncThreadPool", "FakeAndSyncThreadPool\FakeAndSyncThreadPool.csproj", "{EB19A1F9-0BE7-40A8-948A-8E758F5B2F72}"
EndProject
Project("{2150E333-8FDC-42A3-9474-1A3956D46DE8}") = "5. SynchronizedRun", "5. SynchronizedRun", "{F1FE3C3D-A83F-4586-AB8F-6DEA2954697E}"
EndProject
Project("{FAE04EC0-301F-11D3-BF4B-00C04F79EFBC}") = "SignaledPattern", "SignaledPattern\SignaledPattern.csproj", "{F1113132-5C59-4132-BD76-6FEDE16FEC73}"
EndProject
Project("{FAE04EC0-301F-11D3-BF4B-00C04F79EFBC}") = "BusyAssert", "BusyAssert\BusyAssert.csproj", "{3ECEC078-2061-45C2-9AAD-76BBBF7DCD97}"
EndProject
Project("{FAE04EC0-301F-11D3-BF4B-00C04F79EFBC}") = "BusyAssertNUnit", "BusyAssertNUnit\BusyAssertNUnit.csproj", "{C7056501-4B93-47AF-9AD0-AAD02C193EA1}"
EndProject
Project("{FAE04EC0-301F-11D3-BF4B-00C04F79EFBC}") = "AwaitInTest", "AwaitInTest\AwaitInTest.csproj", "{AC48D4DA-D20D-4AAF-A195-2032D9044A3B}"
EndProject
Project("{FAE04EC0-301F-11D3-BF4B-00C04F79EFBC}") = "FakeWithTimerWrapper", "FakeWithTimerWrapper\FakeWithTimerWrapper.csproj", "{CDCD8411-D896-428E-9330-3AB6F820FEE8}"
EndProject
Global
	GlobalSection(SolutionConfigurationPlatforms) = preSolution
		Debug|Any CPU = Debug|Any CPU
		Release|Any CPU = Release|Any CPU
	EndGlobalSection
	GlobalSection(ProjectConfigurationPlatforms) = postSolution
		{8452C2A4-5BE6-407D-8EB8-6E5428DE0E75}.Debug|Any CPU.ActiveCfg = Debug|Any CPU
		{8452C2A4-5BE6-407D-8EB8-6E5428DE0E75}.Debug|Any CPU.Build.0 = Debug|Any CPU
		{8452C2A4-5BE6-407D-8EB8-6E5428DE0E75}.Release|Any CPU.ActiveCfg = Release|Any CPU
		{8452C2A4-5BE6-407D-8EB8-6E5428DE0E75}.Release|Any CPU.Build.0 = Release|Any CPU
		{3CF72AC7-E00D-468B-B60C-ACED103EBEDB}.Debug|Any CPU.ActiveCfg = Debug|Any CPU
		{3CF72AC7-E00D-468B-B60C-ACED103EBEDB}.Debug|Any CPU.Build.0 = Debug|Any CPU
		{3CF72AC7-E00D-468B-B60C-ACED103EBEDB}.Release|Any CPU.ActiveCfg = Release|Any CPU
		{3CF72AC7-E00D-468B-B60C-ACED103EBEDB}.Release|Any CPU.Build.0 = Release|Any CPU
		{2FF95BC8-7757-4B3C-8638-E0AED5F228A6}.Debug|Any CPU.ActiveCfg = Debug|Any CPU
		{2FF95BC8-7757-4B3C-8638-E0AED5F228A6}.Debug|Any CPU.Build.0 = Debug|Any CPU
		{2FF95BC8-7757-4B3C-8638-E0AED5F228A6}.Release|Any CPU.ActiveCfg = Release|Any CPU
		{2FF95BC8-7757-4B3C-8638-E0AED5F228A6}.Release|Any CPU.Build.0 = Release|Any CPU
		{09E9A25C-635D-460C-A683-2D2A44D0AEC6}.Debug|Any CPU.ActiveCfg = Debug|Any CPU
		{09E9A25C-635D-460C-A683-2D2A44D0AEC6}.Debug|Any CPU.Build.0 = Debug|Any CPU
		{09E9A25C-635D-460C-A683-2D2A44D0AEC6}.Release|Any CPU.ActiveCfg = Release|Any CPU
		{09E9A25C-635D-460C-A683-2D2A44D0AEC6}.Release|Any CPU.Build.0 = Release|Any CPU
		{166BADD8-D417-4C48-B8E2-9CA0927040B1}.Debug|Any CPU.ActiveCfg = Debug|Any CPU
		{166BADD8-D417-4C48-B8E2-9CA0927040B1}.Debug|Any CPU.Build.0 = Debug|Any CPU
		{166BADD8-D417-4C48-B8E2-9CA0927040B1}.Release|Any CPU.ActiveCfg = Release|Any CPU
		{166BADD8-D417-4C48-B8E2-9CA0927040B1}.Release|Any CPU.Build.0 = Release|Any CPU
		{DB6E1984-3ECB-46CC-B1D6-92D215A5ADEB}.Debug|Any CPU.ActiveCfg = Debug|Any CPU
		{DB6E1984-3ECB-46CC-B1D6-92D215A5ADEB}.Debug|Any CPU.Build.0 = Debug|Any CPU
		{DB6E1984-3ECB-46CC-B1D6-92D215A5ADEB}.Release|Any CPU.ActiveCfg = Release|Any CPU
		{DB6E1984-3ECB-46CC-B1D6-92D215A5ADEB}.Release|Any CPU.Build.0 = Release|Any CPU
		{0C14D70D-10F9-4856-BFDB-E06BC57020B1}.Debug|Any CPU.ActiveCfg = Debug|Any CPU
		{0C14D70D-10F9-4856-BFDB-E06BC57020B1}.Debug|Any CPU.Build.0 = Debug|Any CPU
		{0C14D70D-10F9-4856-BFDB-E06BC57020B1}.Release|Any CPU.ActiveCfg = Release|Any CPU
		{0C14D70D-10F9-4856-BFDB-E06BC57020B1}.Release|Any CPU.Build.0 = Release|Any CPU
		{78F1A929-7BDB-4706-AFAB-64CAF9CA7E14}.Debug|Any CPU.ActiveCfg = Debug|Any CPU
		{78F1A929-7BDB-4706-AFAB-64CAF9CA7E14}.Debug|Any CPU.Build.0 = Debug|Any CPU
		{78F1A929-7BDB-4706-AFAB-64CAF9CA7E14}.Release|Any CPU.ActiveCfg = Release|Any CPU
		{78F1A929-7BDB-4706-AFAB-64CAF9CA7E14}.Release|Any CPU.Build.0 = Release|Any CPU
		{7092681F-EBF5-4EF2-94C2-851B733417D2}.Debug|Any CPU.ActiveCfg = Debug|Any CPU
		{7092681F-EBF5-4EF2-94C2-851B733417D2}.Debug|Any CPU.Build.0 = Debug|Any CPU
		{7092681F-EBF5-4EF2-94C2-851B733417D2}.Release|Any CPU.ActiveCfg = Release|Any CPU
		{7092681F-EBF5-4EF2-94C2-851B733417D2}.Release|Any CPU.Build.0 = Release|Any CPU
		{9C7AD74D-0566-405C-AB4E-56876BA9B510}.Debug|Any CPU.ActiveCfg = Debug|Any CPU
		{9C7AD74D-0566-405C-AB4E-56876BA9B510}.Debug|Any CPU.Build.0 = Debug|Any CPU
		{9C7AD74D-0566-405C-AB4E-56876BA9B510}.Release|Any CPU.ActiveCfg = Release|Any CPU
		{9C7AD74D-0566-405C-AB4E-56876BA9B510}.Release|Any CPU.Build.0 = Release|Any CPU
		{F21CEDF9-F0EA-4652-B5E1-DB6C2C568B5C}.Debug|Any CPU.ActiveCfg = Debug|Any CPU
		{F21CEDF9-F0EA-4652-B5E1-DB6C2C568B5C}.Debug|Any CPU.Build.0 = Debug|Any CPU
		{F21CEDF9-F0EA-4652-B5E1-DB6C2C568B5C}.Release|Any CPU.ActiveCfg = Release|Any CPU
		{F21CEDF9-F0EA-4652-B5E1-DB6C2C568B5C}.Release|Any CPU.Build.0 = Release|Any CPU
		{4BB1904C-2994-4D91-B3A3-F1D000891B11}.Debug|Any CPU.ActiveCfg = Debug|Any CPU
		{4BB1904C-2994-4D91-B3A3-F1D000891B11}.Debug|Any CPU.Build.0 = Debug|Any CPU
		{4BB1904C-2994-4D91-B3A3-F1D000891B11}.Release|Any CPU.ActiveCfg = Release|Any CPU
		{4BB1904C-2994-4D91-B3A3-F1D000891B11}.Release|Any CPU.Build.0 = Release|Any CPU
		{EB19A1F9-0BE7-40A8-948A-8E758F5B2F72}.Debug|Any CPU.ActiveCfg = Debug|Any CPU
		{EB19A1F9-0BE7-40A8-948A-8E758F5B2F72}.Debug|Any CPU.Build.0 = Debug|Any CPU
		{EB19A1F9-0BE7-40A8-948A-8E758F5B2F72}.Release|Any CPU.ActiveCfg = Release|Any CPU
		{EB19A1F9-0BE7-40A8-948A-8E758F5B2F72}.Release|Any CPU.Build.0 = Release|Any CPU
		{F1113132-5C59-4132-BD76-6FEDE16FEC73}.Debug|Any CPU.ActiveCfg = Debug|Any CPU
		{F1113132-5C59-4132-BD76-6FEDE16FEC73}.Debug|Any CPU.Build.0 = Debug|Any CPU
		{F1113132-5C59-4132-BD76-6FEDE16FEC73}.Release|Any CPU.ActiveCfg = Release|Any CPU
		{F1113132-5C59-4132-BD76-6FEDE16FEC73}.Release|Any CPU.Build.0 = Release|Any CPU
		{3ECEC078-2061-45C2-9AAD-76BBBF7DCD97}.Debug|Any CPU.ActiveCfg = Debug|Any CPU
		{3ECEC078-2061-45C2-9AAD-76BBBF7DCD97}.Debug|Any CPU.Build.0 = Debug|Any CPU
		{3ECEC078-2061-45C2-9AAD-76BBBF7DCD97}.Release|Any CPU.ActiveCfg = Release|Any CPU
		{3ECEC078-2061-45C2-9AAD-76BBBF7DCD97}.Release|Any CPU.Build.0 = Release|Any CPU
		{C7056501-4B93-47AF-9AD0-AAD02C193EA1}.Debug|Any CPU.ActiveCfg = Debug|Any CPU
		{C7056501-4B93-47AF-9AD0-AAD02C193EA1}.Debug|Any CPU.Build.0 = Debug|Any CPU
		{C7056501-4B93-47AF-9AD0-AAD02C193EA1}.Release|Any CPU.ActiveCfg = Release|Any CPU
		{C7056501-4B93-47AF-9AD0-AAD02C193EA1}.Release|Any CPU.Build.0 = Release|Any CPU
		{AC48D4DA-D20D-4AAF-A195-2032D9044A3B}.Debug|Any CPU.ActiveCfg = Debug|Any CPU
		{AC48D4DA-D20D-4AAF-A195-2032D9044A3B}.Debug|Any CPU.Build.0 = Debug|Any CPU
		{AC48D4DA-D20D-4AAF-A195-2032D9044A3B}.Release|Any CPU.ActiveCfg = Release|Any CPU
		{AC48D4DA-D20D-4AAF-A195-2032D9044A3B}.Release|Any CPU.Build.0 = Release|Any CPU
		{CDCD8411-D896-428E-9330-3AB6F820FEE8}.Debug|Any CPU.ActiveCfg = Debug|Any CPU
		{CDCD8411-D896-428E-9330-3AB6F820FEE8}.Debug|Any CPU.Build.0 = Debug|Any CPU
		{CDCD8411-D896-428E-9330-3AB6F820FEE8}.Release|Any CPU.ActiveCfg = Release|Any CPU
		{CDCD8411-D896-428E-9330-3AB6F820FEE8}.Release|Any CPU.Build.0 = Release|Any CPU
	EndGlobalSection
	GlobalSection(SolutionProperties) = preSolution
		HideSolutionNode = FALSE
	EndGlobalSection
	GlobalSection(NestedProjects) = preSolution
		{8452C2A4-5BE6-407D-8EB8-6E5428DE0E75} = {0E5A3203-B6BD-4977-9894-9DDA219022E5}
		{3CF72AC7-E00D-468B-B60C-ACED103EBEDB} = {0E5A3203-B6BD-4977-9894-9DDA219022E5}
		{2FF95BC8-7757-4B3C-8638-E0AED5F228A6} = {F7521594-07BE-4DE3-9D72-3262D8B77446}
		{09E9A25C-635D-460C-A683-2D2A44D0AEC6} = {F7521594-07BE-4DE3-9D72-3262D8B77446}
		{0E5A3203-B6BD-4977-9894-9DDA219022E5} = {56E248A0-60F1-400D-911F-5827AFE0029F}
		{F7521594-07BE-4DE3-9D72-3262D8B77446} = {C7A5C315-D31B-4E1B-9D59-03D7D129C57A}
		{FA1BCC06-0A2E-4D34-B8E8-958FE5C0EE48} = {C7A5C315-D31B-4E1B-9D59-03D7D129C57A}
		{166BADD8-D417-4C48-B8E2-9CA0927040B1} = {FA1BCC06-0A2E-4D34-B8E8-958FE5C0EE48}
		{DB6E1984-3ECB-46CC-B1D6-92D215A5ADEB} = {FA1BCC06-0A2E-4D34-B8E8-958FE5C0EE48}
		{11258DAF-9399-4CE9-B1A9-512F8A1C82B9} = {C7A5C315-D31B-4E1B-9D59-03D7D129C57A}
		{0C14D70D-10F9-4856-BFDB-E06BC57020B1} = {11258DAF-9399-4CE9-B1A9-512F8A1C82B9}
		{78F1A929-7BDB-4706-AFAB-64CAF9CA7E14} = {E0DBED3C-1EC3-4D89-BB94-53E06F538D12}
		{DE99A00A-B58B-4A18-8A8A-4B9CBC70CC1B} = {C7A5C315-D31B-4E1B-9D59-03D7D129C57A}
		{7092681F-EBF5-4EF2-94C2-851B733417D2} = {DE99A00A-B58B-4A18-8A8A-4B9CBC70CC1B}
		{E0DBED3C-1EC3-4D89-BB94-53E06F538D12} = {C7A5C315-D31B-4E1B-9D59-03D7D129C57A}
		{9C7AD74D-0566-405C-AB4E-56876BA9B510} = {E0DBED3C-1EC3-4D89-BB94-53E06F538D12}
		{FB0BE282-CE1A-476E-A9C5-F75E2876EED3} = {56E248A0-60F1-400D-911F-5827AFE0029F}
		{F21CEDF9-F0EA-4652-B5E1-DB6C2C568B5C} = {FB0BE282-CE1A-476E-A9C5-F75E2876EED3}
		{7CE26F56-1022-456A-82E9-E6DFA61C1172} = {C7A5C315-D31B-4E1B-9D59-03D7D129C57A}
		{4BB1904C-2994-4D91-B3A3-F1D000891B11} = {7CE26F56-1022-456A-82E9-E6DFA61C1172}
		{EB19A1F9-0BE7-40A8-948A-8E758F5B2F72} = {7CE26F56-1022-456A-82E9-E6DFA61C1172}
		{F1FE3C3D-A83F-4586-AB8F-6DEA2954697E} = {C7A5C315-D31B-4E1B-9D59-03D7D129C57A}
		{F1113132-5C59-4132-BD76-6FEDE16FEC73} = {F1FE3C3D-A83F-4586-AB8F-6DEA2954697E}
		{3ECEC078-2061-45C2-9AAD-76BBBF7DCD97} = {F1FE3C3D-A83F-4586-AB8F-6DEA2954697E}
		{C7056501-4B93-47AF-9AD0-AAD02C193EA1} = {F1FE3C3D-A83F-4586-AB8F-6DEA2954697E}
		{AC48D4DA-D20D-4AAF-A195-2032D9044A3B} = {DE99A00A-B58B-4A18-8A8A-4B9CBC70CC1B}
		{CDCD8411-D896-428E-9330-3AB6F820FEE8} = {7CE26F56-1022-456A-82E9-E6DFA61C1172}
	EndGlobalSection
	GlobalSection(ExtensibilityGlobals) = postSolution
		SolutionGuid = {49138244-DB71-46E8-BA03-CB678D6C40A8}
	EndGlobalSection
EndGlobal
