
Microsoft Visual Studio Solution File, Format Version 12.00
# Visual Studio 2013
VisualStudioVersion = 12.0.31101.0
MinimumVisualStudioVersion = 10.0.40219.1
Project("{2150E333-8FDC-42A3-9474-1A3956D46DE8}") = "Smells", "Smells", "{56E248A0-60F1-400D-911F-5827AFE0029F}"
EndProject
Project("{FAE04EC0-301F-11D3-BF4B-00C04F79EFBC}") = "SuperServer", "SuperServer\SuperServer.csproj", "{8452C2A4-5BE6-407D-8EB8-6E5428DE0E75}"
EndProject
Project("{FAE04EC0-301F-11D3-BF4B-00C04F79EFBC}") = "SuprtServerTests", "SuprtServerTests\SuprtServerTests.csproj", "{3CF72AC7-E00D-468B-B60C-ACED103EBEDB}"
EndProject
Project("{2150E333-8FDC-42A3-9474-1A3956D46DE8}") = "Patterns", "Patterns", "{C7A5C315-D31B-4E1B-9D59-03D7D129C57A}"
EndProject
Project("{FAE04EC0-301F-11D3-BF4B-00C04F79EFBC}") = "SuperServerFixed", "SuperServerFixed\SuperServerFixed.csproj", "{2FF95BC8-7757-4B3C-8638-E0AED5F228A6}"
EndProject
Project("{FAE04EC0-301F-11D3-BF4B-00C04F79EFBC}") = "SuperServerTests", "ServerTests\SuperServerTests.csproj", "{09E9A25C-635D-460C-A683-2D2A44D0AEC6}"
EndProject
Project("{2150E333-8FDC-42A3-9474-1A3956D46DE8}") = "1. Sleep", "1. Sleep", "{0E5A3203-B6BD-4977-9894-9DDA219022E5}"
EndProject
Project("{2150E333-8FDC-42A3-9474-1A3956D46DE8}") = "1. Humble", "1. Humble", "{F7521594-07BE-4DE3-9D72-3262D8B77446}"
EndProject
Project("{2150E333-8FDC-42A3-9474-1A3956D46DE8}") = "2. TestBefore TestAfer", "2. TestBefore TestAfer", "{FA1BCC06-0A2E-4D34-B8E8-958FE5C0EE48}"
EndProject
Project("{FAE04EC0-301F-11D3-BF4B-00C04F79EFBC}") = "MessageProceesorTests", "MessageProceesor\MessageProceesorTests.csproj", "{166BADD8-D417-4C48-B8E2-9CA0927040B1}"
EndProject
Project("{FAE04EC0-301F-11D3-BF4B-00C04F79EFBC}") = "MessageProcessing", "MessageProcessing\MessageProcessing.csproj", "{DB6E1984-3ECB-46CC-B1D6-92D215A5ADEB}"
EndProject
Project("{2150E333-8FDC-42A3-9474-1A3956D46DE8}") = "RunInOtherThread", "RunInOtherThread", "{11258DAF-9399-4CE9-B1A9-512F8A1C82B9}"
EndProject
Project("{FAE04EC0-301F-11D3-BF4B-00C04F79EFBC}") = "TestUtils", "TestUtils\TestUtils.csproj", "{0C14D70D-10F9-4856-BFDB-E06BC57020B1}"
EndProject
Project("{2150E333-8FDC-42A3-9474-1A3956D46DE8}") = "Deadlock", "Deadlock", "{D3E88F7B-8E78-45BA-AF9A-B71E8BE33654}"
EndProject
Project("{FAE04EC0-301F-11D3-BF4B-00C04F79EFBC}") = "DeadlockTest", "DeadlockTest\DeadlockTest.csproj", "{78F1A929-7BDB-4706-AFAB-64CAF9CA7E14}"
EndProject
Global
	GlobalSection(SolutionConfigurationPlatforms) = preSolution
		Debug|Any CPU = Debug|Any CPU
		Release|Any CPU = Release|Any CPU
	EndGlobalSection
	GlobalSection(ProjectConfigurationPlatforms) = postSolution
		{8452C2A4-5BE6-407D-8EB8-6E5428DE0E75}.Debug|Any CPU.ActiveCfg = Debug|Any CPU
		{8452C2A4-5BE6-407D-8EB8-6E5428DE0E75}.Debug|Any CPU.Build.0 = Debug|Any CPU
		{8452C2A4-5BE6-407D-8EB8-6E5428DE0E75}.Release|Any CPU.ActiveCfg = Release|Any CPU
		{8452C2A4-5BE6-407D-8EB8-6E5428DE0E75}.Release|Any CPU.Build.0 = Release|Any CPU
		{3CF72AC7-E00D-468B-B60C-ACED103EBEDB}.Debug|Any CPU.ActiveCfg = Debug|Any CPU
		{3CF72AC7-E00D-468B-B60C-ACED103EBEDB}.Debug|Any CPU.Build.0 = Debug|Any CPU
		{3CF72AC7-E00D-468B-B60C-ACED103EBEDB}.Release|Any CPU.ActiveCfg = Release|Any CPU
		{3CF72AC7-E00D-468B-B60C-ACED103EBEDB}.Release|Any CPU.Build.0 = Release|Any CPU
		{2FF95BC8-7757-4B3C-8638-E0AED5F228A6}.Debug|Any CPU.ActiveCfg = Debug|Any CPU
		{2FF95BC8-7757-4B3C-8638-E0AED5F228A6}.Debug|Any CPU.Build.0 = Debug|Any CPU
		{2FF95BC8-7757-4B3C-8638-E0AED5F228A6}.Release|Any CPU.ActiveCfg = Release|Any CPU
		{2FF95BC8-7757-4B3C-8638-E0AED5F228A6}.Release|Any CPU.Build.0 = Release|Any CPU
		{09E9A25C-635D-460C-A683-2D2A44D0AEC6}.Debug|Any CPU.ActiveCfg = Debug|Any CPU
		{09E9A25C-635D-460C-A683-2D2A44D0AEC6}.Debug|Any CPU.Build.0 = Debug|Any CPU
		{09E9A25C-635D-460C-A683-2D2A44D0AEC6}.Release|Any CPU.ActiveCfg = Release|Any CPU
		{09E9A25C-635D-460C-A683-2D2A44D0AEC6}.Release|Any CPU.Build.0 = Release|Any CPU
		{166BADD8-D417-4C48-B8E2-9CA0927040B1}.Debug|Any CPU.ActiveCfg = Debug|Any CPU
		{166BADD8-D417-4C48-B8E2-9CA0927040B1}.Debug|Any CPU.Build.0 = Debug|Any CPU
		{166BADD8-D417-4C48-B8E2-9CA0927040B1}.Release|Any CPU.ActiveCfg = Release|Any CPU
		{166BADD8-D417-4C48-B8E2-9CA0927040B1}.Release|Any CPU.Build.0 = Release|Any CPU
		{DB6E1984-3ECB-46CC-B1D6-92D215A5ADEB}.Debug|Any CPU.ActiveCfg = Debug|Any CPU
		{DB6E1984-3ECB-46CC-B1D6-92D215A5ADEB}.Debug|Any CPU.Build.0 = Debug|Any CPU
		{DB6E1984-3ECB-46CC-B1D6-92D215A5ADEB}.Release|Any CPU.ActiveCfg = Release|Any CPU
		{DB6E1984-3ECB-46CC-B1D6-92D215A5ADEB}.Release|Any CPU.Build.0 = Release|Any CPU
		{0C14D70D-10F9-4856-BFDB-E06BC57020B1}.Debug|Any CPU.ActiveCfg = Debug|Any CPU
		{0C14D70D-10F9-4856-BFDB-E06BC57020B1}.Debug|Any CPU.Build.0 = Debug|Any CPU
		{0C14D70D-10F9-4856-BFDB-E06BC57020B1}.Release|Any CPU.ActiveCfg = Release|Any CPU
		{0C14D70D-10F9-4856-BFDB-E06BC57020B1}.Release|Any CPU.Build.0 = Release|Any CPU
		{78F1A929-7BDB-4706-AFAB-64CAF9CA7E14}.Debug|Any CPU.ActiveCfg = Debug|Any CPU
		{78F1A929-7BDB-4706-AFAB-64CAF9CA7E14}.Debug|Any CPU.Build.0 = Debug|Any CPU
		{78F1A929-7BDB-4706-AFAB-64CAF9CA7E14}.Release|Any CPU.ActiveCfg = Release|Any CPU
		{78F1A929-7BDB-4706-AFAB-64CAF9CA7E14}.Release|Any CPU.Build.0 = Release|Any CPU
	EndGlobalSection
	GlobalSection(SolutionProperties) = preSolution
		HideSolutionNode = FALSE
	EndGlobalSection
	GlobalSection(NestedProjects) = preSolution
		{8452C2A4-5BE6-407D-8EB8-6E5428DE0E75} = {0E5A3203-B6BD-4977-9894-9DDA219022E5}
		{3CF72AC7-E00D-468B-B60C-ACED103EBEDB} = {0E5A3203-B6BD-4977-9894-9DDA219022E5}
		{2FF95BC8-7757-4B3C-8638-E0AED5F228A6} = {F7521594-07BE-4DE3-9D72-3262D8B77446}
		{09E9A25C-635D-460C-A683-2D2A44D0AEC6} = {F7521594-07BE-4DE3-9D72-3262D8B77446}
		{0E5A3203-B6BD-4977-9894-9DDA219022E5} = {56E248A0-60F1-400D-911F-5827AFE0029F}
		{F7521594-07BE-4DE3-9D72-3262D8B77446} = {C7A5C315-D31B-4E1B-9D59-03D7D129C57A}
		{FA1BCC06-0A2E-4D34-B8E8-958FE5C0EE48} = {C7A5C315-D31B-4E1B-9D59-03D7D129C57A}
		{166BADD8-D417-4C48-B8E2-9CA0927040B1} = {FA1BCC06-0A2E-4D34-B8E8-958FE5C0EE48}
		{DB6E1984-3ECB-46CC-B1D6-92D215A5ADEB} = {FA1BCC06-0A2E-4D34-B8E8-958FE5C0EE48}
		{11258DAF-9399-4CE9-B1A9-512F8A1C82B9} = {C7A5C315-D31B-4E1B-9D59-03D7D129C57A}
		{0C14D70D-10F9-4856-BFDB-E06BC57020B1} = {11258DAF-9399-4CE9-B1A9-512F8A1C82B9}
		{D3E88F7B-8E78-45BA-AF9A-B71E8BE33654} = {C7A5C315-D31B-4E1B-9D59-03D7D129C57A}
		{78F1A929-7BDB-4706-AFAB-64CAF9CA7E14} = {D3E88F7B-8E78-45BA-AF9A-B71E8BE33654}
	EndGlobalSection
EndGlobal
